
Microsoft Visual Studio Solution File, Format Version 12.00
# Visual Studio Version 17
VisualStudioVersion = 17.9.34607.119
MinimumVisualStudioVersion = 10.0.40219.1
Project("{FAE04EC0-301F-11D3-BF4B-00C04F79EFBC}") = "FIAP_PersistenciaDadosBff", "FIAP_PersistenciaDadosBff\FIAP_PersistenciaDadosBff.csproj", "{A3241255-5781-4FA1-976D-5E588EA233CB}"
EndProject
Global
	GlobalSection(SolutionConfigurationPlatforms) = preSolution
		Debug|Any CPU = Debug|Any CPU
		Release|Any CPU = Release|Any CPU
	EndGlobalSection
	GlobalSection(ProjectConfigurationPlatforms) = postSolution
		{A3241255-5781-4FA1-976D-5E588EA233CB}.Debug|Any CPU.ActiveCfg = Debug|Any CPU
		{A3241255-5781-4FA1-976D-5E588EA233CB}.Debug|Any CPU.Build.0 = Debug|Any CPU
		{A3241255-5781-4FA1-976D-5E588EA233CB}.Release|Any CPU.ActiveCfg = Release|Any CPU
		{A3241255-5781-4FA1-976D-5E588EA233CB}.Release|Any CPU.Build.0 = Release|Any CPU
	EndGlobalSection
	GlobalSection(SolutionProperties) = preSolution
		HideSolutionNode = FALSE
	EndGlobalSection
	GlobalSection(ExtensibilityGlobals) = postSolution
		SolutionGuid = {F190325C-8CDA-470A-B675-B10C397E6CEA}
	EndGlobalSection
EndGlobal
