
Microsoft Visual Studio Solution File, Format Version 12.00
# Visual Studio Version 17
VisualStudioVersion = 17.9.34607.119
MinimumVisualStudioVersion = 10.0.40219.1
Project("{FAE04EC0-301F-11D3-BF4B-00C04F79EFBC}") = "FIAP_PersistenciaDados", "FIAP_PersistenciaDados\FIAP_PersistenciaDados.csproj", "{018096D4-3D18-4674-9BDB-488C81DEB98C}"
EndProject
Global
	GlobalSection(SolutionConfigurationPlatforms) = preSolution
		Debug|Any CPU = Debug|Any CPU
		Release|Any CPU = Release|Any CPU
	EndGlobalSection
	GlobalSection(ProjectConfigurationPlatforms) = postSolution
		{018096D4-3D18-4674-9BDB-488C81DEB98C}.Debug|Any CPU.ActiveCfg = Debug|Any CPU
		{018096D4-3D18-4674-9BDB-488C81DEB98C}.Debug|Any CPU.Build.0 = Debug|Any CPU
		{018096D4-3D18-4674-9BDB-488C81DEB98C}.Release|Any CPU.ActiveCfg = Release|Any CPU
		{018096D4-3D18-4674-9BDB-488C81DEB98C}.Release|Any CPU.Build.0 = Release|Any CPU
	EndGlobalSection
	GlobalSection(SolutionProperties) = preSolution
		HideSolutionNode = FALSE
	EndGlobalSection
	GlobalSection(ExtensibilityGlobals) = postSolution
		SolutionGuid = {59C0B15C-A515-43F1-AE61-9876AAE53EAE}
	EndGlobalSection
EndGlobal
